// !$*UTF8*$!
{
	archiveVersion = 1;
	classes = {
	};
	objectVersion = 56;
	objects = {

/* Begin PBXBuildFile section */
		3660302C2E60290B00290469 /* AvailablePickUpCellViewModelTests.swift in Sources */ = {isa = PBXBuildFile; fileRef = 3660302B2E60290B00290469 /* AvailablePickUpCellViewModelTests.swift */; };
		3660302E2E602B5F00290469 /* RouteViewModelTests.swift in Sources */ = {isa = PBXBuildFile; fileRef = 3660302D2E602B5F00290469 /* RouteViewModelTests.swift */; };
		366030302E6034C700290469 /* AvailablePickUpDetailViewModelTests.swift in Sources */ = {isa = PBXBuildFile; fileRef = 3660302F2E6034C700290469 /* AvailablePickUpDetailViewModelTests.swift */; };
		366030322E608BA400290469 /* AvailablePickUpCoordinatorTests.swift in Sources */ = {isa = PBXBuildFile; fileRef = 366030312E608BA400290469 /* AvailablePickUpCoordinatorTests.swift */; };
		366030422E6B73E200290469 /* Keychain in Frameworks */ = {isa = PBXBuildFile; productRef = 366030412E6B73E200290469 /* Keychain */; };
		3684DA0B2E5D089000A20ECE /* HSDApp.swift in Sources */ = {isa = PBXBuildFile; fileRef = 3684DA0A2E5D089000A20ECE /* HSDApp.swift */; };
		3684DA0F2E5D089200A20ECE /* Assets.xcassets in Resources */ = {isa = PBXBuildFile; fileRef = 3684DA0E2E5D089200A20ECE /* Assets.xcassets */; };
		3684DA122E5D089200A20ECE /* Preview Assets.xcassets in Resources */ = {isa = PBXBuildFile; fileRef = 3684DA112E5D089200A20ECE /* Preview Assets.xcassets */; };
		3684DA262E5D089300A20ECE /* HSDUITests.swift in Sources */ = {isa = PBXBuildFile; fileRef = 3684DA252E5D089300A20ECE /* HSDUITests.swift */; };
		3684DA282E5D089300A20ECE /* HSDUITestsLaunchTests.swift in Sources */ = {isa = PBXBuildFile; fileRef = 3684DA272E5D089300A20ECE /* HSDUITestsLaunchTests.swift */; };
		3684DA362E5D0D1F00A20ECE /* RootCoordinator.swift in Sources */ = {isa = PBXBuildFile; fileRef = 3684DA352E5D0D1F00A20ECE /* RootCoordinator.swift */; };
		3684DA382E5D0F6600A20ECE /* RootCoordinatorView.swift in Sources */ = {isa = PBXBuildFile; fileRef = 3684DA372E5D0F6600A20ECE /* RootCoordinatorView.swift */; };
		3684DA3B2E5D155E00A20ECE /* UnauthorizedViewModel.swift in Sources */ = {isa = PBXBuildFile; fileRef = 3684DA3A2E5D155E00A20ECE /* UnauthorizedViewModel.swift */; };
		3684DA3D2E5D156800A20ECE /* UnauthorizedView.swift in Sources */ = {isa = PBXBuildFile; fileRef = 3684DA3C2E5D156800A20ECE /* UnauthorizedView.swift */; };
		3684DA402E5D16B500A20ECE /* UnauthorizedCoordinator.swift in Sources */ = {isa = PBXBuildFile; fileRef = 3684DA3F2E5D16B500A20ECE /* UnauthorizedCoordinator.swift */; };
		3684DA422E5D16C000A20ECE /* UnauthorizedCoordinatorView.swift in Sources */ = {isa = PBXBuildFile; fileRef = 3684DA412E5D16C000A20ECE /* UnauthorizedCoordinatorView.swift */; };
		3684DA452E5D1BE100A20ECE /* SignInViewModel.swift in Sources */ = {isa = PBXBuildFile; fileRef = 3684DA442E5D1BE100A20ECE /* SignInViewModel.swift */; };
		3684DA472E5D1BEB00A20ECE /* SignInView.swift in Sources */ = {isa = PBXBuildFile; fileRef = 3684DA462E5D1BEB00A20ECE /* SignInView.swift */; };
		3684DA4B2E5D21EF00A20ECE /* SignInModel.swift in Sources */ = {isa = PBXBuildFile; fileRef = 3684DA4A2E5D21EF00A20ECE /* SignInModel.swift */; };
		3684DA4E2E5D386800A20ECE /* AuthService.swift in Sources */ = {isa = PBXBuildFile; fileRef = 3684DA4D2E5D386800A20ECE /* AuthService.swift */; };
		3684DA502E5D87CC00A20ECE /* NetworkService.swift in Sources */ = {isa = PBXBuildFile; fileRef = 3684DA4F2E5D87CC00A20ECE /* NetworkService.swift */; };
		3684DA542E5E0E4D00A20ECE /* CurrentUser.swift in Sources */ = {isa = PBXBuildFile; fileRef = 3684DA532E5E0E4D00A20ECE /* CurrentUser.swift */; };
		3684DA562E5E0EB000A20ECE /* AuthModel.swift in Sources */ = {isa = PBXBuildFile; fileRef = 3684DA552E5E0EB000A20ECE /* AuthModel.swift */; };
		3684DA592E5E1DE000A20ECE /* NetworkServiceProtocol.swift in Sources */ = {isa = PBXBuildFile; fileRef = 3684DA582E5E1DE000A20ECE /* NetworkServiceProtocol.swift */; };
		3684DA5C2E5E1F2B00A20ECE /* AuthorizedCoordinator.swift in Sources */ = {isa = PBXBuildFile; fileRef = 3684DA5B2E5E1F2A00A20ECE /* AuthorizedCoordinator.swift */; };
		3684DA5E2E5E1F3800A20ECE /* AuthorizedCoordinatorView.swift in Sources */ = {isa = PBXBuildFile; fileRef = 3684DA5D2E5E1F3800A20ECE /* AuthorizedCoordinatorView.swift */; };
		3684DA682E5E677100A20ECE /* AvailablePickUpViewModel.swift in Sources */ = {isa = PBXBuildFile; fileRef = 3684DA672E5E677100A20ECE /* AvailablePickUpViewModel.swift */; };
		3684DA6A2E5E677D00A20ECE /* AvailablePickUpView.swift in Sources */ = {isa = PBXBuildFile; fileRef = 3684DA692E5E677D00A20ECE /* AvailablePickUpView.swift */; };
		3684DA6E2E5E6A0600A20ECE /* AvailableRideService.swift in Sources */ = {isa = PBXBuildFile; fileRef = 3684DA6D2E5E6A0600A20ECE /* AvailableRideService.swift */; };
		3684DA702E5E972000A20ECE /* AvailableRideModel.swift in Sources */ = {isa = PBXBuildFile; fileRef = 3684DA6F2E5E972000A20ECE /* AvailableRideModel.swift */; };
		3684DA742E5EDEC800A20ECE /* AvailablePickUpCellViewModel.swift in Sources */ = {isa = PBXBuildFile; fileRef = 3684DA732E5EDEC800A20ECE /* AvailablePickUpCellViewModel.swift */; };
		3684DA762E5EDED700A20ECE /* AvailablePickUpCellView.swift in Sources */ = {isa = PBXBuildFile; fileRef = 3684DA752E5EDED700A20ECE /* AvailablePickUpCellView.swift */; };
		3684DA792E5F3F2E00A20ECE /* AvailablePickUpCoordinatorView.swift in Sources */ = {isa = PBXBuildFile; fileRef = 3684DA782E5F3F2E00A20ECE /* AvailablePickUpCoordinatorView.swift */; };
		3684DA7B2E5F3F3900A20ECE /* AvailablePickUpCoordinator.swift in Sources */ = {isa = PBXBuildFile; fileRef = 3684DA7A2E5F3F3900A20ECE /* AvailablePickUpCoordinator.swift */; };
		3684DA7E2E5F40A700A20ECE /* AvailablePickUpDetailView.swift in Sources */ = {isa = PBXBuildFile; fileRef = 3684DA7D2E5F40A700A20ECE /* AvailablePickUpDetailView.swift */; };
		3684DA802E5F40B400A20ECE /* AvailablePickUpDetailViewModel.swift in Sources */ = {isa = PBXBuildFile; fileRef = 3684DA7F2E5F40B400A20ECE /* AvailablePickUpDetailViewModel.swift */; };
		3684DA832E5F500200A20ECE /* RouteView.swift in Sources */ = {isa = PBXBuildFile; fileRef = 3684DA822E5F500200A20ECE /* RouteView.swift */; };
		3684DA852E5F500D00A20ECE /* RouteViewModel.swift in Sources */ = {isa = PBXBuildFile; fileRef = 3684DA842E5F500D00A20ECE /* RouteViewModel.swift */; };
		3684DA872E5FA11C00A20ECE /* String+Extensions.swift in Sources */ = {isa = PBXBuildFile; fileRef = 3684DA862E5FA11C00A20ECE /* String+Extensions.swift */; };
		3684DA8A2E60153600A20ECE /* AvailablePickUpViewModelTests.swift in Sources */ = {isa = PBXBuildFile; fileRef = 3684DA892E60153600A20ECE /* AvailablePickUpViewModelTests.swift */; };
/* End PBXBuildFile section */

/* Begin PBXContainerItemProxy section */
		3684DA182E5D089300A20ECE /* PBXContainerItemProxy */ = {
			isa = PBXContainerItemProxy;
			containerPortal = 3684D9FF2E5D089000A20ECE /* Project object */;
			proxyType = 1;
			remoteGlobalIDString = 3684DA062E5D089000A20ECE;
			remoteInfo = HSD;
		};
		3684DA222E5D089300A20ECE /* PBXContainerItemProxy */ = {
			isa = PBXContainerItemProxy;
			containerPortal = 3684D9FF2E5D089000A20ECE /* Project object */;
			proxyType = 1;
			remoteGlobalIDString = 3684DA062E5D089000A20ECE;
			remoteInfo = HSD;
		};
/* End PBXContainerItemProxy section */

/* Begin PBXFileReference section */
		3660302B2E60290B00290469 /* AvailablePickUpCellViewModelTests.swift */ = {isa = PBXFileReference; lastKnownFileType = sourcecode.swift; path = AvailablePickUpCellViewModelTests.swift; sourceTree = "<group>"; };
		3660302D2E602B5F00290469 /* RouteViewModelTests.swift */ = {isa = PBXFileReference; lastKnownFileType = sourcecode.swift; path = RouteViewModelTests.swift; sourceTree = "<group>"; };
		3660302F2E6034C700290469 /* AvailablePickUpDetailViewModelTests.swift */ = {isa = PBXFileReference; lastKnownFileType = sourcecode.swift; path = AvailablePickUpDetailViewModelTests.swift; sourceTree = "<group>"; };
		366030312E608BA400290469 /* AvailablePickUpCoordinatorTests.swift */ = {isa = PBXFileReference; lastKnownFileType = sourcecode.swift; path = AvailablePickUpCoordinatorTests.swift; sourceTree = "<group>"; };
		3660303F2E6B73CF00290469 /* Keychain */ = {isa = PBXFileReference; lastKnownFileType = wrapper; name = Keychain; path = ../Keychain; sourceTree = "<group>"; };
		3684DA072E5D089000A20ECE /* HSD.app */ = {isa = PBXFileReference; explicitFileType = wrapper.application; includeInIndex = 0; path = HSD.app; sourceTree = BUILT_PRODUCTS_DIR; };
		3684DA0A2E5D089000A20ECE /* HSDApp.swift */ = {isa = PBXFileReference; lastKnownFileType = sourcecode.swift; path = HSDApp.swift; sourceTree = "<group>"; };
		3684DA0E2E5D089200A20ECE /* Assets.xcassets */ = {isa = PBXFileReference; lastKnownFileType = folder.assetcatalog; path = Assets.xcassets; sourceTree = "<group>"; };
		3684DA112E5D089200A20ECE /* Preview Assets.xcassets */ = {isa = PBXFileReference; lastKnownFileType = folder.assetcatalog; path = "Preview Assets.xcassets"; sourceTree = "<group>"; };
		3684DA172E5D089300A20ECE /* HSDTests.xctest */ = {isa = PBXFileReference; explicitFileType = wrapper.cfbundle; includeInIndex = 0; path = HSDTests.xctest; sourceTree = BUILT_PRODUCTS_DIR; };
		3684DA212E5D089300A20ECE /* HSDUITests.xctest */ = {isa = PBXFileReference; explicitFileType = wrapper.cfbundle; includeInIndex = 0; path = HSDUITests.xctest; sourceTree = BUILT_PRODUCTS_DIR; };
		3684DA252E5D089300A20ECE /* HSDUITests.swift */ = {isa = PBXFileReference; lastKnownFileType = sourcecode.swift; path = HSDUITests.swift; sourceTree = "<group>"; };
		3684DA272E5D089300A20ECE /* HSDUITestsLaunchTests.swift */ = {isa = PBXFileReference; lastKnownFileType = sourcecode.swift; path = HSDUITestsLaunchTests.swift; sourceTree = "<group>"; };
		3684DA352E5D0D1F00A20ECE /* RootCoordinator.swift */ = {isa = PBXFileReference; lastKnownFileType = sourcecode.swift; path = RootCoordinator.swift; sourceTree = "<group>"; };
		3684DA372E5D0F6600A20ECE /* RootCoordinatorView.swift */ = {isa = PBXFileReference; lastKnownFileType = sourcecode.swift; path = RootCoordinatorView.swift; sourceTree = "<group>"; };
		3684DA3A2E5D155E00A20ECE /* UnauthorizedViewModel.swift */ = {isa = PBXFileReference; lastKnownFileType = sourcecode.swift; path = UnauthorizedViewModel.swift; sourceTree = "<group>"; };
		3684DA3C2E5D156800A20ECE /* UnauthorizedView.swift */ = {isa = PBXFileReference; lastKnownFileType = sourcecode.swift; path = UnauthorizedView.swift; sourceTree = "<group>"; };
		3684DA3F2E5D16B500A20ECE /* UnauthorizedCoordinator.swift */ = {isa = PBXFileReference; lastKnownFileType = sourcecode.swift; path = UnauthorizedCoordinator.swift; sourceTree = "<group>"; };
		3684DA412E5D16C000A20ECE /* UnauthorizedCoordinatorView.swift */ = {isa = PBXFileReference; lastKnownFileType = sourcecode.swift; path = UnauthorizedCoordinatorView.swift; sourceTree = "<group>"; };
		3684DA442E5D1BE100A20ECE /* SignInViewModel.swift */ = {isa = PBXFileReference; lastKnownFileType = sourcecode.swift; path = SignInViewModel.swift; sourceTree = "<group>"; };
		3684DA462E5D1BEB00A20ECE /* SignInView.swift */ = {isa = PBXFileReference; lastKnownFileType = sourcecode.swift; path = SignInView.swift; sourceTree = "<group>"; };
		3684DA4A2E5D21EF00A20ECE /* SignInModel.swift */ = {isa = PBXFileReference; lastKnownFileType = sourcecode.swift; path = SignInModel.swift; sourceTree = "<group>"; };
		3684DA4D2E5D386800A20ECE /* AuthService.swift */ = {isa = PBXFileReference; lastKnownFileType = sourcecode.swift; path = AuthService.swift; sourceTree = "<group>"; };
		3684DA4F2E5D87CC00A20ECE /* NetworkService.swift */ = {isa = PBXFileReference; lastKnownFileType = sourcecode.swift; path = NetworkService.swift; sourceTree = "<group>"; };
		3684DA532E5E0E4D00A20ECE /* CurrentUser.swift */ = {isa = PBXFileReference; lastKnownFileType = sourcecode.swift; path = CurrentUser.swift; sourceTree = "<group>"; };
		3684DA552E5E0EB000A20ECE /* AuthModel.swift */ = {isa = PBXFileReference; lastKnownFileType = sourcecode.swift; path = AuthModel.swift; sourceTree = "<group>"; };
		3684DA582E5E1DE000A20ECE /* NetworkServiceProtocol.swift */ = {isa = PBXFileReference; lastKnownFileType = sourcecode.swift; path = NetworkServiceProtocol.swift; sourceTree = "<group>"; };
		3684DA5B2E5E1F2A00A20ECE /* AuthorizedCoordinator.swift */ = {isa = PBXFileReference; lastKnownFileType = sourcecode.swift; path = AuthorizedCoordinator.swift; sourceTree = "<group>"; };
		3684DA5D2E5E1F3800A20ECE /* AuthorizedCoordinatorView.swift */ = {isa = PBXFileReference; lastKnownFileType = sourcecode.swift; path = AuthorizedCoordinatorView.swift; sourceTree = "<group>"; };
		3684DA672E5E677100A20ECE /* AvailablePickUpViewModel.swift */ = {isa = PBXFileReference; lastKnownFileType = sourcecode.swift; path = AvailablePickUpViewModel.swift; sourceTree = "<group>"; };
		3684DA692E5E677D00A20ECE /* AvailablePickUpView.swift */ = {isa = PBXFileReference; lastKnownFileType = sourcecode.swift; path = AvailablePickUpView.swift; sourceTree = "<group>"; };
		3684DA6D2E5E6A0600A20ECE /* AvailableRideService.swift */ = {isa = PBXFileReference; lastKnownFileType = sourcecode.swift; path = AvailableRideService.swift; sourceTree = "<group>"; };
		3684DA6F2E5E972000A20ECE /* AvailableRideModel.swift */ = {isa = PBXFileReference; lastKnownFileType = sourcecode.swift; path = AvailableRideModel.swift; sourceTree = "<group>"; };
		3684DA732E5EDEC800A20ECE /* AvailablePickUpCellViewModel.swift */ = {isa = PBXFileReference; lastKnownFileType = sourcecode.swift; path = AvailablePickUpCellViewModel.swift; sourceTree = "<group>"; };
		3684DA752E5EDED700A20ECE /* AvailablePickUpCellView.swift */ = {isa = PBXFileReference; lastKnownFileType = sourcecode.swift; path = AvailablePickUpCellView.swift; sourceTree = "<group>"; };
		3684DA782E5F3F2E00A20ECE /* AvailablePickUpCoordinatorView.swift */ = {isa = PBXFileReference; lastKnownFileType = sourcecode.swift; path = AvailablePickUpCoordinatorView.swift; sourceTree = "<group>"; };
		3684DA7A2E5F3F3900A20ECE /* AvailablePickUpCoordinator.swift */ = {isa = PBXFileReference; lastKnownFileType = sourcecode.swift; path = AvailablePickUpCoordinator.swift; sourceTree = "<group>"; };
		3684DA7D2E5F40A700A20ECE /* AvailablePickUpDetailView.swift */ = {isa = PBXFileReference; lastKnownFileType = sourcecode.swift; path = AvailablePickUpDetailView.swift; sourceTree = "<group>"; };
		3684DA7F2E5F40B400A20ECE /* AvailablePickUpDetailViewModel.swift */ = {isa = PBXFileReference; lastKnownFileType = sourcecode.swift; path = AvailablePickUpDetailViewModel.swift; sourceTree = "<group>"; };
		3684DA822E5F500200A20ECE /* RouteView.swift */ = {isa = PBXFileReference; lastKnownFileType = sourcecode.swift; path = RouteView.swift; sourceTree = "<group>"; };
		3684DA842E5F500D00A20ECE /* RouteViewModel.swift */ = {isa = PBXFileReference; lastKnownFileType = sourcecode.swift; path = RouteViewModel.swift; sourceTree = "<group>"; };
		3684DA862E5FA11C00A20ECE /* String+Extensions.swift */ = {isa = PBXFileReference; lastKnownFileType = sourcecode.swift; path = "String+Extensions.swift"; sourceTree = "<group>"; };
		3684DA892E60153600A20ECE /* AvailablePickUpViewModelTests.swift */ = {isa = PBXFileReference; lastKnownFileType = sourcecode.swift; path = AvailablePickUpViewModelTests.swift; sourceTree = "<group>"; };
/* End PBXFileReference section */

/* Begin PBXFrameworksBuildPhase section */
		3684DA042E5D089000A20ECE /* Frameworks */ = {
			isa = PBXFrameworksBuildPhase;
			buildActionMask = 2147483647;
			files = (
				366030422E6B73E200290469 /* Keychain in Frameworks */,
			);
			runOnlyForDeploymentPostprocessing = 0;
		};
		3684DA142E5D089300A20ECE /* Frameworks */ = {
			isa = PBXFrameworksBuildPhase;
			buildActionMask = 2147483647;
			files = (
			);
			runOnlyForDeploymentPostprocessing = 0;
		};
		3684DA1E2E5D089300A20ECE /* Frameworks */ = {
			isa = PBXFrameworksBuildPhase;
			buildActionMask = 2147483647;
			files = (
			);
			runOnlyForDeploymentPostprocessing = 0;
		};
/* End PBXFrameworksBuildPhase section */

/* Begin PBXGroup section */
		366030402E6B73E200290469 /* Frameworks */ = {
			isa = PBXGroup;
			children = (
			);
			name = Frameworks;
			sourceTree = "<group>";
		};
		3684D9FE2E5D089000A20ECE = {
			isa = PBXGroup;
			children = (
				3660303F2E6B73CF00290469 /* Keychain */,
				3684DA092E5D089000A20ECE /* HSD */,
				3684DA1A2E5D089300A20ECE /* HSDTests */,
				3684DA242E5D089300A20ECE /* HSDUITests */,
				3684DA082E5D089000A20ECE /* Products */,
				366030402E6B73E200290469 /* Frameworks */,
			);
			sourceTree = "<group>";
		};
		3684DA082E5D089000A20ECE /* Products */ = {
			isa = PBXGroup;
			children = (
				3684DA072E5D089000A20ECE /* HSD.app */,
				3684DA172E5D089300A20ECE /* HSDTests.xctest */,
				3684DA212E5D089300A20ECE /* HSDUITests.xctest */,
			);
			name = Products;
			sourceTree = "<group>";
		};
		3684DA092E5D089000A20ECE /* HSD */ = {
			isa = PBXGroup;
			children = (
				3684DA0A2E5D089000A20ECE /* HSDApp.swift */,
				3684DA4C2E5D319800A20ECE /* Service */,
				3684DA342E5D0D0F00A20ECE /* Root */,
				3684DA3E2E5D169900A20ECE /* UnauthorizedCoordinator */,
				3684DA392E5D153C00A20ECE /* Unauthorized */,
				3684DA432E5D1BC800A20ECE /* SignIn */,
				3684DA5A2E5E1F0B00A20ECE /* AuthorizedCoordinator */,
				3684DA772E5F3F1A00A20ECE /* AvailablePickUpCoordinator */,
				3684DA662E5E661900A20ECE /* AvailablePickUpList */,
				3684DA722E5EDEA800A20ECE /* AvailablePickUpCell */,
				3684DA7C2E5F409100A20ECE /* AvailablePickUpDetail */,
				3684DA812E5F4FDD00A20ECE /* Route */,
				3684DA882E60018900A20ECE /* Extensions */,
				3684DA0E2E5D089200A20ECE /* Assets.xcassets */,
				3684DA102E5D089200A20ECE /* Preview Content */,
			);
			path = HSD;
			sourceTree = "<group>";
		};
		3684DA102E5D089200A20ECE /* Preview Content */ = {
			isa = PBXGroup;
			children = (
				3684DA112E5D089200A20ECE /* Preview Assets.xcassets */,
			);
			path = "Preview Content";
			sourceTree = "<group>";
		};
		3684DA1A2E5D089300A20ECE /* HSDTests */ = {
			isa = PBXGroup;
			children = (
				3684DA892E60153600A20ECE /* AvailablePickUpViewModelTests.swift */,
				3660302B2E60290B00290469 /* AvailablePickUpCellViewModelTests.swift */,
				3660302F2E6034C700290469 /* AvailablePickUpDetailViewModelTests.swift */,
				3660302D2E602B5F00290469 /* RouteViewModelTests.swift */,
				366030312E608BA400290469 /* AvailablePickUpCoordinatorTests.swift */,
			);
			path = HSDTests;
			sourceTree = "<group>";
		};
		3684DA242E5D089300A20ECE /* HSDUITests */ = {
			isa = PBXGroup;
			children = (
				3684DA252E5D089300A20ECE /* HSDUITests.swift */,
				3684DA272E5D089300A20ECE /* HSDUITestsLaunchTests.swift */,
			);
			path = HSDUITests;
			sourceTree = "<group>";
		};
		3684DA342E5D0D0F00A20ECE /* Root */ = {
			isa = PBXGroup;
			children = (
				3684DA352E5D0D1F00A20ECE /* RootCoordinator.swift */,
				3684DA372E5D0F6600A20ECE /* RootCoordinatorView.swift */,
			);
			path = Root;
			sourceTree = "<group>";
		};
		3684DA392E5D153C00A20ECE /* Unauthorized */ = {
			isa = PBXGroup;
			children = (
				3684DA3A2E5D155E00A20ECE /* UnauthorizedViewModel.swift */,
				3684DA3C2E5D156800A20ECE /* UnauthorizedView.swift */,
			);
			path = Unauthorized;
			sourceTree = "<group>";
		};
		3684DA3E2E5D169900A20ECE /* UnauthorizedCoordinator */ = {
			isa = PBXGroup;
			children = (
				3684DA3F2E5D16B500A20ECE /* UnauthorizedCoordinator.swift */,
				3684DA412E5D16C000A20ECE /* UnauthorizedCoordinatorView.swift */,
			);
			path = UnauthorizedCoordinator;
			sourceTree = "<group>";
		};
		3684DA432E5D1BC800A20ECE /* SignIn */ = {
			isa = PBXGroup;
			children = (
				3684DA4A2E5D21EF00A20ECE /* SignInModel.swift */,
				3684DA442E5D1BE100A20ECE /* SignInViewModel.swift */,
				3684DA462E5D1BEB00A20ECE /* SignInView.swift */,
			);
			path = SignIn;
			sourceTree = "<group>";
		};
		3684DA4C2E5D319800A20ECE /* Service */ = {
			isa = PBXGroup;
			children = (
				3684DA572E5E0F2100A20ECE /* Auth */,
				3684DA712E5E972500A20ECE /* AvailableRide */,
				3684DA582E5E1DE000A20ECE /* NetworkServiceProtocol.swift */,
				3684DA4F2E5D87CC00A20ECE /* NetworkService.swift */,
			);
			path = Service;
			sourceTree = "<group>";
		};
		3684DA572E5E0F2100A20ECE /* Auth */ = {
			isa = PBXGroup;
			children = (
				3684DA552E5E0EB000A20ECE /* AuthModel.swift */,
				3684DA4D2E5D386800A20ECE /* AuthService.swift */,
				3684DA532E5E0E4D00A20ECE /* CurrentUser.swift */,
			);
			path = Auth;
			sourceTree = "<group>";
		};
		3684DA5A2E5E1F0B00A20ECE /* AuthorizedCoordinator */ = {
			isa = PBXGroup;
			children = (
				3684DA5B2E5E1F2A00A20ECE /* AuthorizedCoordinator.swift */,
				3684DA5D2E5E1F3800A20ECE /* AuthorizedCoordinatorView.swift */,
			);
			path = AuthorizedCoordinator;
			sourceTree = "<group>";
		};
		3684DA662E5E661900A20ECE /* AvailablePickUpList */ = {
			isa = PBXGroup;
			children = (
				3684DA672E5E677100A20ECE /* AvailablePickUpViewModel.swift */,
				3684DA692E5E677D00A20ECE /* AvailablePickUpView.swift */,
			);
			path = AvailablePickUpList;
			sourceTree = "<group>";
		};
		3684DA712E5E972500A20ECE /* AvailableRide */ = {
			isa = PBXGroup;
			children = (
				3684DA6F2E5E972000A20ECE /* AvailableRideModel.swift */,
				3684DA6D2E5E6A0600A20ECE /* AvailableRideService.swift */,
			);
			path = AvailableRide;
			sourceTree = "<group>";
		};
		3684DA722E5EDEA800A20ECE /* AvailablePickUpCell */ = {
			isa = PBXGroup;
			children = (
				3684DA732E5EDEC800A20ECE /* AvailablePickUpCellViewModel.swift */,
				3684DA752E5EDED700A20ECE /* AvailablePickUpCellView.swift */,
			);
			path = AvailablePickUpCell;
			sourceTree = "<group>";
		};
		3684DA772E5F3F1A00A20ECE /* AvailablePickUpCoordinator */ = {
			isa = PBXGroup;
			children = (
				3684DA7A2E5F3F3900A20ECE /* AvailablePickUpCoordinator.swift */,
				3684DA782E5F3F2E00A20ECE /* AvailablePickUpCoordinatorView.swift */,
			);
			path = AvailablePickUpCoordinator;
			sourceTree = "<group>";
		};
		3684DA7C2E5F409100A20ECE /* AvailablePickUpDetail */ = {
			isa = PBXGroup;
			children = (
				3684DA7F2E5F40B400A20ECE /* AvailablePickUpDetailViewModel.swift */,
				3684DA7D2E5F40A700A20ECE /* AvailablePickUpDetailView.swift */,
			);
			path = AvailablePickUpDetail;
			sourceTree = "<group>";
		};
		3684DA812E5F4FDD00A20ECE /* Route */ = {
			isa = PBXGroup;
			children = (
				3684DA842E5F500D00A20ECE /* RouteViewModel.swift */,
				3684DA822E5F500200A20ECE /* RouteView.swift */,
			);
			path = Route;
			sourceTree = "<group>";
		};
		3684DA882E60018900A20ECE /* Extensions */ = {
			isa = PBXGroup;
			children = (
				3684DA862E5FA11C00A20ECE /* String+Extensions.swift */,
			);
			path = Extensions;
			sourceTree = "<group>";
		};
/* End PBXGroup section */

/* Begin PBXNativeTarget section */
		3684DA062E5D089000A20ECE /* HSD */ = {
			isa = PBXNativeTarget;
			buildConfigurationList = 3684DA2B2E5D089300A20ECE /* Build configuration list for PBXNativeTarget "HSD" */;
			buildPhases = (
				3684DA032E5D089000A20ECE /* Sources */,
				3684DA042E5D089000A20ECE /* Frameworks */,
				3684DA052E5D089000A20ECE /* Resources */,
			);
			buildRules = (
			);
			dependencies = (
			);
			name = HSD;
			packageProductDependencies = (
				366030412E6B73E200290469 /* Keychain */,
			);
			productName = HSD;
			productReference = 3684DA072E5D089000A20ECE /* HSD.app */;
			productType = "com.apple.product-type.application";
		};
		3684DA162E5D089300A20ECE /* HSDTests */ = {
			isa = PBXNativeTarget;
			buildConfigurationList = 3684DA2E2E5D089300A20ECE /* Build configuration list for PBXNativeTarget "HSDTests" */;
			buildPhases = (
				3684DA132E5D089300A20ECE /* Sources */,
				3684DA142E5D089300A20ECE /* Frameworks */,
				3684DA152E5D089300A20ECE /* Resources */,
			);
			buildRules = (
			);
			dependencies = (
				3684DA192E5D089300A20ECE /* PBXTargetDependency */,
			);
			name = HSDTests;
			productName = HSDTests;
			productReference = 3684DA172E5D089300A20ECE /* HSDTests.xctest */;
			productType = "com.apple.product-type.bundle.unit-test";
		};
		3684DA202E5D089300A20ECE /* HSDUITests */ = {
			isa = PBXNativeTarget;
			buildConfigurationList = 3684DA312E5D089300A20ECE /* Build configuration list for PBXNativeTarget "HSDUITests" */;
			buildPhases = (
				3684DA1D2E5D089300A20ECE /* Sources */,
				3684DA1E2E5D089300A20ECE /* Frameworks */,
				3684DA1F2E5D089300A20ECE /* Resources */,
			);
			buildRules = (
			);
			dependencies = (
				3684DA232E5D089300A20ECE /* PBXTargetDependency */,
			);
			name = HSDUITests;
			productName = HSDUITests;
			productReference = 3684DA212E5D089300A20ECE /* HSDUITests.xctest */;
			productType = "com.apple.product-type.bundle.ui-testing";
		};
/* End PBXNativeTarget section */

/* Begin PBXProject section */
		3684D9FF2E5D089000A20ECE /* Project object */ = {
			isa = PBXProject;
			attributes = {
				BuildIndependentTargetsInParallel = 1;
				LastSwiftUpdateCheck = 1520;
				LastUpgradeCheck = 1520;
				TargetAttributes = {
					3684DA062E5D089000A20ECE = {
						CreatedOnToolsVersion = 15.2;
					};
					3684DA162E5D089300A20ECE = {
						CreatedOnToolsVersion = 15.2;
						TestTargetID = 3684DA062E5D089000A20ECE;
					};
					3684DA202E5D089300A20ECE = {
						CreatedOnToolsVersion = 15.2;
						TestTargetID = 3684DA062E5D089000A20ECE;
					};
				};
			};
			buildConfigurationList = 3684DA022E5D089000A20ECE /* Build configuration list for PBXProject "HSD" */;
			compatibilityVersion = "Xcode 14.0";
			developmentRegion = en;
			hasScannedForEncodings = 0;
			knownRegions = (
				en,
				Base,
			);
			mainGroup = 3684D9FE2E5D089000A20ECE;
			productRefGroup = 3684DA082E5D089000A20ECE /* Products */;
			projectDirPath = "";
			projectRoot = "";
			targets = (
				3684DA062E5D089000A20ECE /* HSD */,
				3684DA162E5D089300A20ECE /* HSDTests */,
				3684DA202E5D089300A20ECE /* HSDUITests */,
			);
		};
/* End PBXProject section */

/* Begin PBXResourcesBuildPhase section */
		3684DA052E5D089000A20ECE /* Resources */ = {
			isa = PBXResourcesBuildPhase;
			buildActionMask = 2147483647;
			files = (
				3684DA122E5D089200A20ECE /* Preview Assets.xcassets in Resources */,
				3684DA0F2E5D089200A20ECE /* Assets.xcassets in Resources */,
			);
			runOnlyForDeploymentPostprocessing = 0;
		};
		3684DA152E5D089300A20ECE /* Resources */ = {
			isa = PBXResourcesBuildPhase;
			buildActionMask = 2147483647;
			files = (
			);
			runOnlyForDeploymentPostprocessing = 0;
		};
		3684DA1F2E5D089300A20ECE /* Resources */ = {
			isa = PBXResourcesBuildPhase;
			buildActionMask = 2147483647;
			files = (
			);
			runOnlyForDeploymentPostprocessing = 0;
		};
/* End PBXResourcesBuildPhase section */

/* Begin PBXSourcesBuildPhase section */
		3684DA032E5D089000A20ECE /* Sources */ = {
			isa = PBXSourcesBuildPhase;
			buildActionMask = 2147483647;
			files = (
				3684DA4B2E5D21EF00A20ECE /* SignInModel.swift in Sources */,
				3684DA6E2E5E6A0600A20ECE /* AvailableRideService.swift in Sources */,
				3684DA5E2E5E1F3800A20ECE /* AuthorizedCoordinatorView.swift in Sources */,
				3684DA362E5D0D1F00A20ECE /* RootCoordinator.swift in Sources */,
				3684DA702E5E972000A20ECE /* AvailableRideModel.swift in Sources */,
				3684DA3B2E5D155E00A20ECE /* UnauthorizedViewModel.swift in Sources */,
				3684DA742E5EDEC800A20ECE /* AvailablePickUpCellViewModel.swift in Sources */,
				3684DA0B2E5D089000A20ECE /* HSDApp.swift in Sources */,
				3684DA832E5F500200A20ECE /* RouteView.swift in Sources */,
				3684DA762E5EDED700A20ECE /* AvailablePickUpCellView.swift in Sources */,
				3684DA472E5D1BEB00A20ECE /* SignInView.swift in Sources */,
				3684DA852E5F500D00A20ECE /* RouteViewModel.swift in Sources */,
				3684DA4E2E5D386800A20ECE /* AuthService.swift in Sources */,
				3684DA682E5E677100A20ECE /* AvailablePickUpViewModel.swift in Sources */,
				3684DA792E5F3F2E00A20ECE /* AvailablePickUpCoordinatorView.swift in Sources */,
				3684DA3D2E5D156800A20ECE /* UnauthorizedView.swift in Sources */,
				3684DA452E5D1BE100A20ECE /* SignInViewModel.swift in Sources */,
				3684DA7B2E5F3F3900A20ECE /* AvailablePickUpCoordinator.swift in Sources */,
				3684DA402E5D16B500A20ECE /* UnauthorizedCoordinator.swift in Sources */,
				3684DA6A2E5E677D00A20ECE /* AvailablePickUpView.swift in Sources */,
				3684DA5C2E5E1F2B00A20ECE /* AuthorizedCoordinator.swift in Sources */,
				3684DA562E5E0EB000A20ECE /* AuthModel.swift in Sources */,
				3684DA382E5D0F6600A20ECE /* RootCoordinatorView.swift in Sources */,
				3684DA502E5D87CC00A20ECE /* NetworkService.swift in Sources */,
				3684DA802E5F40B400A20ECE /* AvailablePickUpDetailViewModel.swift in Sources */,
				3684DA422E5D16C000A20ECE /* UnauthorizedCoordinatorView.swift in Sources */,
				3684DA7E2E5F40A700A20ECE /* AvailablePickUpDetailView.swift in Sources */,
				3684DA872E5FA11C00A20ECE /* String+Extensions.swift in Sources */,
				3684DA542E5E0E4D00A20ECE /* CurrentUser.swift in Sources */,
				3684DA592E5E1DE000A20ECE /* NetworkServiceProtocol.swift in Sources */,
			);
			runOnlyForDeploymentPostprocessing = 0;
		};
		3684DA132E5D089300A20ECE /* Sources */ = {
			isa = PBXSourcesBuildPhase;
			buildActionMask = 2147483647;
			files = (
				366030302E6034C700290469 /* AvailablePickUpDetailViewModelTests.swift in Sources */,
				3684DA8A2E60153600A20ECE /* AvailablePickUpViewModelTests.swift in Sources */,
				3660302C2E60290B00290469 /* AvailablePickUpCellViewModelTests.swift in Sources */,
				3660302E2E602B5F00290469 /* RouteViewModelTests.swift in Sources */,
				366030322E608BA400290469 /* AvailablePickUpCoordinatorTests.swift in Sources */,
			);
			runOnlyForDeploymentPostprocessing = 0;
		};
		3684DA1D2E5D089300A20ECE /* Sources */ = {
			isa = PBXSourcesBuildPhase;
			buildActionMask = 2147483647;
			files = (
				3684DA282E5D089300A20ECE /* HSDUITestsLaunchTests.swift in Sources */,
				3684DA262E5D089300A20ECE /* HSDUITests.swift in Sources */,
			);
			runOnlyForDeploymentPostprocessing = 0;
		};
/* End PBXSourcesBuildPhase section */

/* Begin PBXTargetDependency section */
		3684DA192E5D089300A20ECE /* PBXTargetDependency */ = {
			isa = PBXTargetDependency;
			target = 3684DA062E5D089000A20ECE /* HSD */;
			targetProxy = 3684DA182E5D089300A20ECE /* PBXContainerItemProxy */;
		};
		3684DA232E5D089300A20ECE /* PBXTargetDependency */ = {
			isa = PBXTargetDependency;
			target = 3684DA062E5D089000A20ECE /* HSD */;
			targetProxy = 3684DA222E5D089300A20ECE /* PBXContainerItemProxy */;
		};
/* End PBXTargetDependency section */

/* Begin XCBuildConfiguration section */
		3684DA292E5D089300A20ECE /* Debug */ = {
			isa = XCBuildConfiguration;
			buildSettings = {
				ALWAYS_SEARCH_USER_PATHS = NO;
				ASSETCATALOG_COMPILER_GENERATE_SWIFT_ASSET_SYMBOL_EXTENSIONS = YES;
				CLANG_ANALYZER_NONNULL = YES;
				CLANG_ANALYZER_NUMBER_OBJECT_CONVERSION = YES_AGGRESSIVE;
				CLANG_CXX_LANGUAGE_STANDARD = "gnu++20";
				CLANG_ENABLE_MODULES = YES;
				CLANG_ENABLE_OBJC_ARC = YES;
				CLANG_ENABLE_OBJC_WEAK = YES;
				CLANG_WARN_BLOCK_CAPTURE_AUTORELEASING = YES;
				CLANG_WARN_BOOL_CONVERSION = YES;
				CLANG_WARN_COMMA = YES;
				CLANG_WARN_CONSTANT_CONVERSION = YES;
				CLANG_WARN_DEPRECATED_OBJC_IMPLEMENTATIONS = YES;
				CLANG_WARN_DIRECT_OBJC_ISA_USAGE = YES_ERROR;
				CLANG_WARN_DOCUMENTATION_COMMENTS = YES;
				CLANG_WARN_EMPTY_BODY = YES;
				CLANG_WARN_ENUM_CONVERSION = YES;
				CLANG_WARN_INFINITE_RECURSION = YES;
				CLANG_WARN_INT_CONVERSION = YES;
				CLANG_WARN_NON_LITERAL_NULL_CONVERSION = YES;
				CLANG_WARN_OBJC_IMPLICIT_RETAIN_SELF = YES;
				CLANG_WARN_OBJC_LITERAL_CONVERSION = YES;
				CLANG_WARN_OBJC_ROOT_CLASS = YES_ERROR;
				CLANG_WARN_QUOTED_INCLUDE_IN_FRAMEWORK_HEADER = YES;
				CLANG_WARN_RANGE_LOOP_ANALYSIS = YES;
				CLANG_WARN_STRICT_PROTOTYPES = YES;
				CLANG_WARN_SUSPICIOUS_MOVE = YES;
				CLANG_WARN_UNGUARDED_AVAILABILITY = YES_AGGRESSIVE;
				CLANG_WARN_UNREACHABLE_CODE = YES;
				CLANG_WARN__DUPLICATE_METHOD_MATCH = YES;
				COPY_PHASE_STRIP = NO;
				DEBUG_INFORMATION_FORMAT = dwarf;
				ENABLE_STRICT_OBJC_MSGSEND = YES;
				ENABLE_TESTABILITY = YES;
				ENABLE_USER_SCRIPT_SANDBOXING = YES;
				GCC_C_LANGUAGE_STANDARD = gnu17;
				GCC_DYNAMIC_NO_PIC = NO;
				GCC_NO_COMMON_BLOCKS = YES;
				GCC_OPTIMIZATION_LEVEL = 0;
				GCC_PREPROCESSOR_DEFINITIONS = (
					"DEBUG=1",
					"$(inherited)",
				);
				GCC_WARN_64_TO_32_BIT_CONVERSION = YES;
				GCC_WARN_ABOUT_RETURN_TYPE = YES_ERROR;
				GCC_WARN_UNDECLARED_SELECTOR = YES;
				GCC_WARN_UNINITIALIZED_AUTOS = YES_AGGRESSIVE;
				GCC_WARN_UNUSED_FUNCTION = YES;
				GCC_WARN_UNUSED_VARIABLE = YES;
				IPHONEOS_DEPLOYMENT_TARGET = 17.2;
				LOCALIZATION_PREFERS_STRING_CATALOGS = YES;
				MTL_ENABLE_DEBUG_INFO = INCLUDE_SOURCE;
				MTL_FAST_MATH = YES;
				ONLY_ACTIVE_ARCH = YES;
				SDKROOT = iphoneos;
				SWIFT_ACTIVE_COMPILATION_CONDITIONS = "DEBUG $(inherited)";
				SWIFT_OPTIMIZATION_LEVEL = "-Onone";
			};
			name = Debug;
		};
		3684DA2A2E5D089300A20ECE /* Release */ = {
			isa = XCBuildConfiguration;
			buildSettings = {
				ALWAYS_SEARCH_USER_PATHS = NO;
				ASSETCATALOG_COMPILER_GENERATE_SWIFT_ASSET_SYMBOL_EXTENSIONS = YES;
				CLANG_ANALYZER_NONNULL = YES;
				CLANG_ANALYZER_NUMBER_OBJECT_CONVERSION = YES_AGGRESSIVE;
				CLANG_CXX_LANGUAGE_STANDARD = "gnu++20";
				CLANG_ENABLE_MODULES = YES;
				CLANG_ENABLE_OBJC_ARC = YES;
				CLANG_ENABLE_OBJC_WEAK = YES;
				CLANG_WARN_BLOCK_CAPTURE_AUTORELEASING = YES;
				CLANG_WARN_BOOL_CONVERSION = YES;
				CLANG_WARN_COMMA = YES;
				CLANG_WARN_CONSTANT_CONVERSION = YES;
				CLANG_WARN_DEPRECATED_OBJC_IMPLEMENTATIONS = YES;
				CLANG_WARN_DIRECT_OBJC_ISA_USAGE = YES_ERROR;
				CLANG_WARN_DOCUMENTATION_COMMENTS = YES;
				CLANG_WARN_EMPTY_BODY = YES;
				CLANG_WARN_ENUM_CONVERSION = YES;
				CLANG_WARN_INFINITE_RECURSION = YES;
				CLANG_WARN_INT_CONVERSION = YES;
				CLANG_WARN_NON_LITERAL_NULL_CONVERSION = YES;
				CLANG_WARN_OBJC_IMPLICIT_RETAIN_SELF = YES;
				CLANG_WARN_OBJC_LITERAL_CONVERSION = YES;
				CLANG_WARN_OBJC_ROOT_CLASS = YES_ERROR;
				CLANG_WARN_QUOTED_INCLUDE_IN_FRAMEWORK_HEADER = YES;
				CLANG_WARN_RANGE_LOOP_ANALYSIS = YES;
				CLANG_WARN_STRICT_PROTOTYPES = YES;
				CLANG_WARN_SUSPICIOUS_MOVE = YES;
				CLANG_WARN_UNGUARDED_AVAILABILITY = YES_AGGRESSIVE;
				CLANG_WARN_UNREACHABLE_CODE = YES;
				CLANG_WARN__DUPLICATE_METHOD_MATCH = YES;
				COPY_PHASE_STRIP = NO;
				DEBUG_INFORMATION_FORMAT = "dwarf-with-dsym";
				ENABLE_NS_ASSERTIONS = NO;
				ENABLE_STRICT_OBJC_MSGSEND = YES;
				ENABLE_USER_SCRIPT_SANDBOXING = YES;
				GCC_C_LANGUAGE_STANDARD = gnu17;
				GCC_NO_COMMON_BLOCKS = YES;
				GCC_WARN_64_TO_32_BIT_CONVERSION = YES;
				GCC_WARN_ABOUT_RETURN_TYPE = YES_ERROR;
				GCC_WARN_UNDECLARED_SELECTOR = YES;
				GCC_WARN_UNINITIALIZED_AUTOS = YES_AGGRESSIVE;
				GCC_WARN_UNUSED_FUNCTION = YES;
				GCC_WARN_UNUSED_VARIABLE = YES;
				IPHONEOS_DEPLOYMENT_TARGET = 17.2;
				LOCALIZATION_PREFERS_STRING_CATALOGS = YES;
				MTL_ENABLE_DEBUG_INFO = NO;
				MTL_FAST_MATH = YES;
				SDKROOT = iphoneos;
				SWIFT_COMPILATION_MODE = wholemodule;
				VALIDATE_PRODUCT = YES;
			};
			name = Release;
		};
		3684DA2C2E5D089300A20ECE /* Debug */ = {
			isa = XCBuildConfiguration;
			buildSettings = {
				ASSETCATALOG_COMPILER_APPICON_NAME = AppIcon;
				ASSETCATALOG_COMPILER_GLOBAL_ACCENT_COLOR_NAME = AccentColor;
				CODE_SIGN_STYLE = Automatic;
				CURRENT_PROJECT_VERSION = 1;
				DEVELOPMENT_ASSET_PATHS = "\"HSD/Preview Content\"";
				DEVELOPMENT_TEAM = C52CYTJ47J;
				ENABLE_PREVIEWS = YES;
				GENERATE_INFOPLIST_FILE = YES;
				INFOPLIST_KEY_UIApplicationSceneManifest_Generation = YES;
				INFOPLIST_KEY_UIApplicationSupportsIndirectInputEvents = YES;
				INFOPLIST_KEY_UILaunchScreen_Generation = YES;
				INFOPLIST_KEY_UISupportedInterfaceOrientations_iPad = "UIInterfaceOrientationPortrait UIInterfaceOrientationPortraitUpsideDown UIInterfaceOrientationLandscapeLeft UIInterfaceOrientationLandscapeRight";
				INFOPLIST_KEY_UISupportedInterfaceOrientations_iPhone = "UIInterfaceOrientationPortrait UIInterfaceOrientationLandscapeLeft UIInterfaceOrientationLandscapeRight";
				LD_RUNPATH_SEARCH_PATHS = (
					"$(inherited)",
					"@executable_path/Frameworks",
				);
				MARKETING_VERSION = 1.0;
				PRODUCT_BUNDLE_IDENTIFIER = JustinLee.HSD;
				PRODUCT_NAME = "$(TARGET_NAME)";
				SWIFT_EMIT_LOC_STRINGS = YES;
				SWIFT_VERSION = 5.0;
				TARGETED_DEVICE_FAMILY = "1,2";
			};
			name = Debug;
		};
		3684DA2D2E5D089300A20ECE /* Release */ = {
			isa = XCBuildConfiguration;
			buildSettings = {
				ASSETCATALOG_COMPILER_APPICON_NAME = AppIcon;
				ASSETCATALOG_COMPILER_GLOBAL_ACCENT_COLOR_NAME = AccentColor;
				CODE_SIGN_STYLE = Automatic;
				CURRENT_PROJECT_VERSION = 1;
				DEVELOPMENT_ASSET_PATHS = "\"HSD/Preview Content\"";
				DEVELOPMENT_TEAM = C52CYTJ47J;
				ENABLE_PREVIEWS = YES;
				GENERATE_INFOPLIST_FILE = YES;
				INFOPLIST_KEY_UIApplicationSceneManifest_Generation = YES;
				INFOPLIST_KEY_UIApplicationSupportsIndirectInputEvents = YES;
				INFOPLIST_KEY_UILaunchScreen_Generation = YES;
				INFOPLIST_KEY_UISupportedInterfaceOrientations_iPad = "UIInterfaceOrientationPortrait UIInterfaceOrientationPortraitUpsideDown UIInterfaceOrientationLandscapeLeft UIInterfaceOrientationLandscapeRight";
				INFOPLIST_KEY_UISupportedInterfaceOrientations_iPhone = "UIInterfaceOrientationPortrait UIInterfaceOrientationLandscapeLeft UIInterfaceOrientationLandscapeRight";
				LD_RUNPATH_SEARCH_PATHS = (
					"$(inherited)",
					"@executable_path/Frameworks",
				);
				MARKETING_VERSION = 1.0;
				PRODUCT_BUNDLE_IDENTIFIER = JustinLee.HSD;
				PRODUCT_NAME = "$(TARGET_NAME)";
				SWIFT_EMIT_LOC_STRINGS = YES;
				SWIFT_VERSION = 5.0;
				TARGETED_DEVICE_FAMILY = "1,2";
			};
			name = Release;
		};
		3684DA2F2E5D089300A20ECE /* Debug */ = {
			isa = XCBuildConfiguration;
			buildSettings = {
				ALWAYS_EMBED_SWIFT_STANDARD_LIBRARIES = YES;
				BUNDLE_LOADER = "$(TEST_HOST)";
				CODE_SIGN_STYLE = Automatic;
				CURRENT_PROJECT_VERSION = 1;
				DEVELOPMENT_TEAM = C52CYTJ47J;
				GENERATE_INFOPLIST_FILE = YES;
				IPHONEOS_DEPLOYMENT_TARGET = 17.2;
				MARKETING_VERSION = 1.0;
				PRODUCT_BUNDLE_IDENTIFIER = JustinLee.HSDTests;
				PRODUCT_NAME = "$(TARGET_NAME)";
				SWIFT_EMIT_LOC_STRINGS = NO;
				SWIFT_VERSION = 5.0;
				TARGETED_DEVICE_FAMILY = "1,2";
				TEST_HOST = "$(BUILT_PRODUCTS_DIR)/HSD.app/$(BUNDLE_EXECUTABLE_FOLDER_PATH)/HSD";
			};
			name = Debug;
		};
		3684DA302E5D089300A20ECE /* Release */ = {
			isa = XCBuildConfiguration;
			buildSettings = {
				ALWAYS_EMBED_SWIFT_STANDARD_LIBRARIES = YES;
				BUNDLE_LOADER = "$(TEST_HOST)";
				CODE_SIGN_STYLE = Automatic;
				CURRENT_PROJECT_VERSION = 1;
				DEVELOPMENT_TEAM = C52CYTJ47J;
				GENERATE_INFOPLIST_FILE = YES;
				IPHONEOS_DEPLOYMENT_TARGET = 17.2;
				MARKETING_VERSION = 1.0;
				PRODUCT_BUNDLE_IDENTIFIER = JustinLee.HSDTests;
				PRODUCT_NAME = "$(TARGET_NAME)";
				SWIFT_EMIT_LOC_STRINGS = NO;
				SWIFT_VERSION = 5.0;
				TARGETED_DEVICE_FAMILY = "1,2";
				TEST_HOST = "$(BUILT_PRODUCTS_DIR)/HSD.app/$(BUNDLE_EXECUTABLE_FOLDER_PATH)/HSD";
			};
			name = Release;
		};
		3684DA322E5D089300A20ECE /* Debug */ = {
			isa = XCBuildConfiguration;
			buildSettings = {
				ALWAYS_EMBED_SWIFT_STANDARD_LIBRARIES = YES;
				CODE_SIGN_STYLE = Automatic;
				CURRENT_PROJECT_VERSION = 1;
				DEVELOPMENT_TEAM = C52CYTJ47J;
				GENERATE_INFOPLIST_FILE = YES;
				MARKETING_VERSION = 1.0;
				PRODUCT_BUNDLE_IDENTIFIER = JustinLee.HSDUITests;
				PRODUCT_NAME = "$(TARGET_NAME)";
				SWIFT_EMIT_LOC_STRINGS = NO;
				SWIFT_VERSION = 5.0;
				TARGETED_DEVICE_FAMILY = "1,2";
				TEST_TARGET_NAME = HSD;
			};
			name = Debug;
		};
		3684DA332E5D089300A20ECE /* Release */ = {
			isa = XCBuildConfiguration;
			buildSettings = {
				ALWAYS_EMBED_SWIFT_STANDARD_LIBRARIES = YES;
				CODE_SIGN_STYLE = Automatic;
				CURRENT_PROJECT_VERSION = 1;
				DEVELOPMENT_TEAM = C52CYTJ47J;
				GENERATE_INFOPLIST_FILE = YES;
				MARKETING_VERSION = 1.0;
				PRODUCT_BUNDLE_IDENTIFIER = JustinLee.HSDUITests;
				PRODUCT_NAME = "$(TARGET_NAME)";
				SWIFT_EMIT_LOC_STRINGS = NO;
				SWIFT_VERSION = 5.0;
				TARGETED_DEVICE_FAMILY = "1,2";
				TEST_TARGET_NAME = HSD;
			};
			name = Release;
		};
/* End XCBuildConfiguration section */

/* Begin XCConfigurationList section */
		3684DA022E5D089000A20ECE /* Build configuration list for PBXProject "HSD" */ = {
			isa = XCConfigurationList;
			buildConfigurations = (
				3684DA292E5D089300A20ECE /* Debug */,
				3684DA2A2E5D089300A20ECE /* Release */,
			);
			defaultConfigurationIsVisible = 0;
			defaultConfigurationName = Release;
		};
		3684DA2B2E5D089300A20ECE /* Build configuration list for PBXNativeTarget "HSD" */ = {
			isa = XCConfigurationList;
			buildConfigurations = (
				3684DA2C2E5D089300A20ECE /* Debug */,
				3684DA2D2E5D089300A20ECE /* Release */,
			);
			defaultConfigurationIsVisible = 0;
			defaultConfigurationName = Release;
		};
		3684DA2E2E5D089300A20ECE /* Build configuration list for PBXNativeTarget "HSDTests" */ = {
			isa = XCConfigurationList;
			buildConfigurations = (
				3684DA2F2E5D089300A20ECE /* Debug */,
				3684DA302E5D089300A20ECE /* Release */,
			);
			defaultConfigurationIsVisible = 0;
			defaultConfigurationName = Release;
		};
		3684DA312E5D089300A20ECE /* Build configuration list for PBXNativeTarget "HSDUITests" */ = {
			isa = XCConfigurationList;
			buildConfigurations = (
				3684DA322E5D089300A20ECE /* Debug */,
				3684DA332E5D089300A20ECE /* Release */,
			);
			defaultConfigurationIsVisible = 0;
			defaultConfigurationName = Release;
		};
/* End XCConfigurationList section */

/* Begin XCSwiftPackageProductDependency section */
		366030412E6B73E200290469 /* Keychain */ = {
			isa = XCSwiftPackageProductDependency;
			productName = Keychain;
		};
/* End XCSwiftPackageProductDependency section */
	};
	rootObject = 3684D9FF2E5D089000A20ECE /* Project object */;
}
